
Microsoft Visual Studio Solution File, Format Version 12.00
# Visual Studio 15
VisualStudioVersion = 15.0.26206.0
MinimumVisualStudioVersion = 10.0.40219.1
Project("{FAE04EC0-301F-11D3-BF4B-00C04F79EFBC}") = "Proj4", "BusinessLogic\Proj4\Proj4.csproj", "{BBF9D5F1-C03F-4D7E-AE55-3505C7DF5C6B}"
EndProject
Project("{FAE04EC0-301F-11D3-BF4B-00C04F79EFBC}") = "Proj2", "BusinessLogic\Proj2\Proj2.csproj", "{E8D763BD-8713-4C15-9042-D4350F595DE8}"
EndProject
Project("{FAE04EC0-301F-11D3-BF4B-00C04F79EFBC}") = "Proj3", "BusinessLogic\Proj3\Proj3.csproj", "{D39F3B98-4518-4204-858F-3B7BF88D6DC1}"
EndProject
Project("{FAE04EC0-301F-11D3-BF4B-00C04F79EFBC}") = "Proj1", "Services\Proj1\Proj1.csproj", "{07D34606-79F8-4655-86CD-B24169D10C53}"
EndProject
Global
	GlobalSection(SolutionConfigurationPlatforms) = preSolution
		ArchitectValidation|Any CPU = ArchitectValidation|Any CPU
		ArchitectValidation|Mixed Platforms = ArchitectValidation|Mixed Platforms
		ArchitectValidation|x64 = ArchitectValidation|x64
		ArchitectValidation|x86 = ArchitectValidation|x86
		ContinuousIntegration|Any CPU = ContinuousIntegration|Any CPU
		ContinuousIntegration|Mixed Platforms = ContinuousIntegration|Mixed Platforms
		ContinuousIntegration|x64 = ContinuousIntegration|x64
		ContinuousIntegration|x86 = ContinuousIntegration|x86
		DataSync|Any CPU = DataSync|Any CPU
		DataSync|Mixed Platforms = DataSync|Mixed Platforms
		DataSync|x64 = DataSync|x64
		DataSync|x86 = DataSync|x86
		Debug|Any CPU = Debug|Any CPU
		Debug|Mixed Platforms = Debug|Mixed Platforms
		Debug|x64 = Debug|x64
		Debug|x86 = Debug|x86
		PdfPublishOnly|Any CPU = PdfPublishOnly|Any CPU
		PdfPublishOnly|Mixed Platforms = PdfPublishOnly|Mixed Platforms
		PdfPublishOnly|x64 = PdfPublishOnly|x64
		PdfPublishOnly|x86 = PdfPublishOnly|x86
		Release|Any CPU = Release|Any CPU
		Release|Mixed Platforms = Release|Mixed Platforms
		Release|x64 = Release|x64
		Release|x86 = Release|x86
	EndGlobalSection
	GlobalSection(ProjectConfigurationPlatforms) = postSolution
		{BBF9D5F1-C03F-4D7E-AE55-3505C7DF5C6B}.ArchitectValidation|Any CPU.ActiveCfg = Release|Any CPU
		{BBF9D5F1-C03F-4D7E-AE55-3505C7DF5C6B}.ArchitectValidation|Any CPU.Build.0 = Release|Any CPU
		{BBF9D5F1-C03F-4D7E-AE55-3505C7DF5C6B}.ArchitectValidation|Mixed Platforms.ActiveCfg = Release|Any CPU
		{BBF9D5F1-C03F-4D7E-AE55-3505C7DF5C6B}.ArchitectValidation|Mixed Platforms.Build.0 = Release|Any CPU
		{BBF9D5F1-C03F-4D7E-AE55-3505C7DF5C6B}.ArchitectValidation|x64.ActiveCfg = Release|Any CPU
		{BBF9D5F1-C03F-4D7E-AE55-3505C7DF5C6B}.ArchitectValidation|x86.ActiveCfg = Release|Any CPU
		{BBF9D5F1-C03F-4D7E-AE55-3505C7DF5C6B}.ContinuousIntegration|Any CPU.ActiveCfg = Release|Any CPU
		{BBF9D5F1-C03F-4D7E-AE55-3505C7DF5C6B}.ContinuousIntegration|Mixed Platforms.ActiveCfg = Release|Any CPU
		{BBF9D5F1-C03F-4D7E-AE55-3505C7DF5C6B}.ContinuousIntegration|x64.ActiveCfg = Release|Any CPU
		{BBF9D5F1-C03F-4D7E-AE55-3505C7DF5C6B}.ContinuousIntegration|x86.ActiveCfg = Release|Any CPU
		{BBF9D5F1-C03F-4D7E-AE55-3505C7DF5C6B}.DataSync|Any CPU.ActiveCfg = Debug|Any CPU
		{BBF9D5F1-C03F-4D7E-AE55-3505C7DF5C6B}.DataSync|Any CPU.Build.0 = Debug|Any CPU
		{BBF9D5F1-C03F-4D7E-AE55-3505C7DF5C6B}.DataSync|Mixed Platforms.ActiveCfg = Debug|Any CPU
		{BBF9D5F1-C03F-4D7E-AE55-3505C7DF5C6B}.DataSync|Mixed Platforms.Build.0 = Debug|Any CPU
		{BBF9D5F1-C03F-4D7E-AE55-3505C7DF5C6B}.DataSync|x64.ActiveCfg = Debug|Any CPU
		{BBF9D5F1-C03F-4D7E-AE55-3505C7DF5C6B}.DataSync|x86.ActiveCfg = Debug|Any CPU
		{BBF9D5F1-C03F-4D7E-AE55-3505C7DF5C6B}.Debug|Any CPU.ActiveCfg = Debug|Any CPU
		{BBF9D5F1-C03F-4D7E-AE55-3505C7DF5C6B}.Debug|Any CPU.Build.0 = Debug|Any CPU
		{BBF9D5F1-C03F-4D7E-AE55-3505C7DF5C6B}.Debug|Mixed Platforms.ActiveCfg = Debug|Any CPU
		{BBF9D5F1-C03F-4D7E-AE55-3505C7DF5C6B}.Debug|Mixed Platforms.Build.0 = Debug|Any CPU
		{BBF9D5F1-C03F-4D7E-AE55-3505C7DF5C6B}.Debug|x64.ActiveCfg = Debug|Any CPU
		{BBF9D5F1-C03F-4D7E-AE55-3505C7DF5C6B}.Debug|x86.ActiveCfg = Debug|Any CPU
		{BBF9D5F1-C03F-4D7E-AE55-3505C7DF5C6B}.PdfPublishOnly|Any CPU.ActiveCfg = Debug|Any CPU
		{BBF9D5F1-C03F-4D7E-AE55-3505C7DF5C6B}.PdfPublishOnly|Mixed Platforms.ActiveCfg = Debug|Any CPU
		{BBF9D5F1-C03F-4D7E-AE55-3505C7DF5C6B}.PdfPublishOnly|x64.ActiveCfg = Release|Any CPU
		{BBF9D5F1-C03F-4D7E-AE55-3505C7DF5C6B}.PdfPublishOnly|x86.ActiveCfg = Debug|Any CPU
		{BBF9D5F1-C03F-4D7E-AE55-3505C7DF5C6B}.Release|Any CPU.ActiveCfg = Release|Any CPU
		{BBF9D5F1-C03F-4D7E-AE55-3505C7DF5C6B}.Release|Any CPU.Build.0 = Release|Any CPU
		{BBF9D5F1-C03F-4D7E-AE55-3505C7DF5C6B}.Release|Mixed Platforms.ActiveCfg = Release|Any CPU
		{BBF9D5F1-C03F-4D7E-AE55-3505C7DF5C6B}.Release|Mixed Platforms.Build.0 = Release|Any CPU
		{BBF9D5F1-C03F-4D7E-AE55-3505C7DF5C6B}.Release|x64.ActiveCfg = Release|Any CPU
		{BBF9D5F1-C03F-4D7E-AE55-3505C7DF5C6B}.Release|x86.ActiveCfg = Release|Any CPU
		{E8D763BD-8713-4C15-9042-D4350F595DE8}.ArchitectValidation|Any CPU.ActiveCfg = Release|Any CPU
		{E8D763BD-8713-4C15-9042-D4350F595DE8}.ArchitectValidation|Any CPU.Build.0 = Release|Any CPU
		{E8D763BD-8713-4C15-9042-D4350F595DE8}.ArchitectValidation|Mixed Platforms.ActiveCfg = Release|Any CPU
		{E8D763BD-8713-4C15-9042-D4350F595DE8}.ArchitectValidation|Mixed Platforms.Build.0 = Release|Any CPU
		{E8D763BD-8713-4C15-9042-D4350F595DE8}.ArchitectValidation|x64.ActiveCfg = Release|Any CPU
		{E8D763BD-8713-4C15-9042-D4350F595DE8}.ArchitectValidation|x86.ActiveCfg = Release|Any CPU
		{E8D763BD-8713-4C15-9042-D4350F595DE8}.ContinuousIntegration|Any CPU.ActiveCfg = Release|Any CPU
		{E8D763BD-8713-4C15-9042-D4350F595DE8}.ContinuousIntegration|Mixed Platforms.ActiveCfg = Release|Any CPU
		{E8D763BD-8713-4C15-9042-D4350F595DE8}.ContinuousIntegration|x64.ActiveCfg = Release|Any CPU
		{E8D763BD-8713-4C15-9042-D4350F595DE8}.ContinuousIntegration|x86.ActiveCfg = Release|Any CPU
		{E8D763BD-8713-4C15-9042-D4350F595DE8}.DataSync|Any CPU.ActiveCfg = Debug|Any CPU
		{E8D763BD-8713-4C15-9042-D4350F595DE8}.DataSync|Any CPU.Build.0 = Debug|Any CPU
		{E8D763BD-8713-4C15-9042-D4350F595DE8}.DataSync|Mixed Platforms.ActiveCfg = Debug|Any CPU
		{E8D763BD-8713-4C15-9042-D4350F595DE8}.DataSync|Mixed Platforms.Build.0 = Debug|Any CPU
		{E8D763BD-8713-4C15-9042-D4350F595DE8}.DataSync|x64.ActiveCfg = Debug|Any CPU
		{E8D763BD-8713-4C15-9042-D4350F595DE8}.DataSync|x86.ActiveCfg = Debug|Any CPU
		{E8D763BD-8713-4C15-9042-D4350F595DE8}.Debug|Any CPU.ActiveCfg = Debug|Any CPU
		{E8D763BD-8713-4C15-9042-D4350F595DE8}.Debug|Any CPU.Build.0 = Debug|Any CPU
		{E8D763BD-8713-4C15-9042-D4350F595DE8}.Debug|Mixed Platforms.ActiveCfg = Debug|Any CPU
		{E8D763BD-8713-4C15-9042-D4350F595DE8}.Debug|Mixed Platforms.Build.0 = Debug|Any CPU
		{E8D763BD-8713-4C15-9042-D4350F595DE8}.Debug|x64.ActiveCfg = Debug|Any CPU
		{E8D763BD-8713-4C15-9042-D4350F595DE8}.Debug|x86.ActiveCfg = Debug|Any CPU
		{E8D763BD-8713-4C15-9042-D4350F595DE8}.PdfPublishOnly|Any CPU.ActiveCfg = Debug|Any CPU
		{E8D763BD-8713-4C15-9042-D4350F595DE8}.PdfPublishOnly|Mixed Platforms.ActiveCfg = Debug|Any CPU
		{E8D763BD-8713-4C15-9042-D4350F595DE8}.PdfPublishOnly|x64.ActiveCfg = Release|Any CPU
		{E8D763BD-8713-4C15-9042-D4350F595DE8}.PdfPublishOnly|x86.ActiveCfg = Debug|Any CPU
		{E8D763BD-8713-4C15-9042-D4350F595DE8}.Release|Any CPU.ActiveCfg = Release|Any CPU
		{E8D763BD-8713-4C15-9042-D4350F595DE8}.Release|Any CPU.Build.0 = Release|Any CPU
		{E8D763BD-8713-4C15-9042-D4350F595DE8}.Release|Mixed Platforms.ActiveCfg = Release|Any CPU
		{E8D763BD-8713-4C15-9042-D4350F595DE8}.Release|Mixed Platforms.Build.0 = Release|Any CPU
		{E8D763BD-8713-4C15-9042-D4350F595DE8}.Release|x64.ActiveCfg = Release|Any CPU
		{E8D763BD-8713-4C15-9042-D4350F595DE8}.Release|x86.ActiveCfg = Release|Any CPU
		{D39F3B98-4518-4204-858F-3B7BF88D6DC1}.ArchitectValidation|Any CPU.ActiveCfg = Release|Any CPU
		{D39F3B98-4518-4204-858F-3B7BF88D6DC1}.ArchitectValidation|Any CPU.Build.0 = Release|Any CPU
		{D39F3B98-4518-4204-858F-3B7BF88D6DC1}.ArchitectValidation|Mixed Platforms.ActiveCfg = Release|Any CPU
		{D39F3B98-4518-4204-858F-3B7BF88D6DC1}.ArchitectValidation|Mixed Platforms.Build.0 = Release|Any CPU
		{D39F3B98-4518-4204-858F-3B7BF88D6DC1}.ArchitectValidation|x64.ActiveCfg = Release|Any CPU
		{D39F3B98-4518-4204-858F-3B7BF88D6DC1}.ArchitectValidation|x86.ActiveCfg = Release|Any CPU
		{D39F3B98-4518-4204-858F-3B7BF88D6DC1}.ContinuousIntegration|Any CPU.ActiveCfg = Release|Any CPU
		{D39F3B98-4518-4204-858F-3B7BF88D6DC1}.ContinuousIntegration|Mixed Platforms.ActiveCfg = Release|Any CPU
		{D39F3B98-4518-4204-858F-3B7BF88D6DC1}.ContinuousIntegration|x64.ActiveCfg = Release|Any CPU
		{D39F3B98-4518-4204-858F-3B7BF88D6DC1}.ContinuousIntegration|x86.ActiveCfg = Release|Any CPU
		{D39F3B98-4518-4204-858F-3B7BF88D6DC1}.DataSync|Any CPU.ActiveCfg = Debug|Any CPU
		{D39F3B98-4518-4204-858F-3B7BF88D6DC1}.DataSync|Any CPU.Build.0 = Debug|Any CPU
		{D39F3B98-4518-4204-858F-3B7BF88D6DC1}.DataSync|Mixed Platforms.ActiveCfg = Debug|Any CPU
		{D39F3B98-4518-4204-858F-3B7BF88D6DC1}.DataSync|Mixed Platforms.Build.0 = Debug|Any CPU
		{D39F3B98-4518-4204-858F-3B7BF88D6DC1}.DataSync|x64.ActiveCfg = Debug|Any CPU
		{D39F3B98-4518-4204-858F-3B7BF88D6DC1}.DataSync|x86.ActiveCfg = Debug|Any CPU
		{D39F3B98-4518-4204-858F-3B7BF88D6DC1}.Debug|Any CPU.ActiveCfg = Debug|Any CPU
		{D39F3B98-4518-4204-858F-3B7BF88D6DC1}.Debug|Any CPU.Build.0 = Debug|Any CPU
		{D39F3B98-4518-4204-858F-3B7BF88D6DC1}.Debug|Mixed Platforms.ActiveCfg = Debug|Any CPU
		{D39F3B98-4518-4204-858F-3B7BF88D6DC1}.Debug|Mixed Platforms.Build.0 = Debug|Any CPU
		{D39F3B98-4518-4204-858F-3B7BF88D6DC1}.Debug|x64.ActiveCfg = Debug|Any CPU
		{D39F3B98-4518-4204-858F-3B7BF88D6DC1}.Debug|x86.ActiveCfg = Debug|Any CPU
		{D39F3B98-4518-4204-858F-3B7BF88D6DC1}.PdfPublishOnly|Any CPU.ActiveCfg = Debug|Any CPU
		{D39F3B98-4518-4204-858F-3B7BF88D6DC1}.PdfPublishOnly|Mixed Platforms.ActiveCfg = Debug|Any CPU
		{D39F3B98-4518-4204-858F-3B7BF88D6DC1}.PdfPublishOnly|x64.ActiveCfg = Release|Any CPU
		{D39F3B98-4518-4204-858F-3B7BF88D6DC1}.PdfPublishOnly|x86.ActiveCfg = Debug|Any CPU
		{D39F3B98-4518-4204-858F-3B7BF88D6DC1}.Release|Any CPU.ActiveCfg = Release|Any CPU
		{D39F3B98-4518-4204-858F-3B7BF88D6DC1}.Release|Any CPU.Build.0 = Release|Any CPU
		{D39F3B98-4518-4204-858F-3B7BF88D6DC1}.Release|Mixed Platforms.ActiveCfg = Release|Any CPU
		{D39F3B98-4518-4204-858F-3B7BF88D6DC1}.Release|Mixed Platforms.Build.0 = Release|Any CPU
		{D39F3B98-4518-4204-858F-3B7BF88D6DC1}.Release|x64.ActiveCfg = Release|Any CPU
		{D39F3B98-4518-4204-858F-3B7BF88D6DC1}.Release|x86.ActiveCfg = Release|Any CPU
		{07D34606-79F8-4655-86CD-B24169D10C53}.ArchitectValidation|Any CPU.ActiveCfg = Release|Any CPU
		{07D34606-79F8-4655-86CD-B24169D10C53}.ArchitectValidation|Any CPU.Build.0 = Release|Any CPU
		{07D34606-79F8-4655-86CD-B24169D10C53}.ArchitectValidation|Mixed Platforms.ActiveCfg = Release|Any CPU
		{07D34606-79F8-4655-86CD-B24169D10C53}.ArchitectValidation|Mixed Platforms.Build.0 = Release|Any CPU
		{07D34606-79F8-4655-86CD-B24169D10C53}.ArchitectValidation|x64.ActiveCfg = Release|Any CPU
		{07D34606-79F8-4655-86CD-B24169D10C53}.ArchitectValidation|x86.ActiveCfg = Release|Any CPU
		{07D34606-79F8-4655-86CD-B24169D10C53}.ContinuousIntegration|Any CPU.ActiveCfg = Release|Any CPU
		{07D34606-79F8-4655-86CD-B24169D10C53}.ContinuousIntegration|Mixed Platforms.ActiveCfg = Release|Any CPU
		{07D34606-79F8-4655-86CD-B24169D10C53}.ContinuousIntegration|x64.ActiveCfg = Release|Any CPU
		{07D34606-79F8-4655-86CD-B24169D10C53}.ContinuousIntegration|x86.ActiveCfg = Release|Any CPU
		{07D34606-79F8-4655-86CD-B24169D10C53}.DataSync|Any CPU.ActiveCfg = Debug|Any CPU
		{07D34606-79F8-4655-86CD-B24169D10C53}.DataSync|Any CPU.Build.0 = Debug|Any CPU
		{07D34606-79F8-4655-86CD-B24169D10C53}.DataSync|Mixed Platforms.ActiveCfg = Debug|Any CPU
		{07D34606-79F8-4655-86CD-B24169D10C53}.DataSync|Mixed Platforms.Build.0 = Debug|Any CPU
		{07D34606-79F8-4655-86CD-B24169D10C53}.DataSync|x64.ActiveCfg = Debug|Any CPU
		{07D34606-79F8-4655-86CD-B24169D10C53}.DataSync|x86.ActiveCfg = Debug|Any CPU
		{07D34606-79F8-4655-86CD-B24169D10C53}.Debug|Any CPU.ActiveCfg = Debug|Any CPU
		{07D34606-79F8-4655-86CD-B24169D10C53}.Debug|Any CPU.Build.0 = Debug|Any CPU
		{07D34606-79F8-4655-86CD-B24169D10C53}.Debug|Mixed Platforms.ActiveCfg = Debug|Any CPU
		{07D34606-79F8-4655-86CD-B24169D10C53}.Debug|Mixed Platforms.Build.0 = Debug|Any CPU
		{07D34606-79F8-4655-86CD-B24169D10C53}.Debug|x64.ActiveCfg = Debug|Any CPU
		{07D34606-79F8-4655-86CD-B24169D10C53}.Debug|x86.ActiveCfg = Debug|Any CPU
		{07D34606-79F8-4655-86CD-B24169D10C53}.PdfPublishOnly|Any CPU.ActiveCfg = Debug|Any CPU
		{07D34606-79F8-4655-86CD-B24169D10C53}.PdfPublishOnly|Mixed Platforms.ActiveCfg = Release|Any CPU
		{07D34606-79F8-4655-86CD-B24169D10C53}.PdfPublishOnly|Mixed Platforms.Build.0 = Release|Any CPU
		{07D34606-79F8-4655-86CD-B24169D10C53}.PdfPublishOnly|x64.ActiveCfg = Release|Any CPU
		{07D34606-79F8-4655-86CD-B24169D10C53}.PdfPublishOnly|x86.ActiveCfg = Release|Any CPU
		{07D34606-79F8-4655-86CD-B24169D10C53}.Release|Any CPU.ActiveCfg = Release|Any CPU
		{07D34606-79F8-4655-86CD-B24169D10C53}.Release|Any CPU.Build.0 = Release|Any CPU
		{07D34606-79F8-4655-86CD-B24169D10C53}.Release|Mixed Platforms.ActiveCfg = Release|Any CPU
		{07D34606-79F8-4655-86CD-B24169D10C53}.Release|Mixed Platforms.Build.0 = Release|Any CPU
		{07D34606-79F8-4655-86CD-B24169D10C53}.Release|x64.ActiveCfg = Release|Any CPU
		{07D34606-79F8-4655-86CD-B24169D10C53}.Release|x86.ActiveCfg = Release|Any CPU
	EndGlobalSection
	GlobalSection(SolutionProperties) = preSolution
		HideSolutionNode = FALSE
	EndGlobalSection
	GlobalSection(ExtensibilityGlobals) = postSolution
		EnterpriseLibraryConfigurationToolBinariesPath = packages\Unity.2.1.505.2\lib\NET35;packages\Unity.Interception.2.1.505.2\lib\NET35;packages\EnterpriseLibrary.Common.5.0.505.0\lib\NET35;packages\EnterpriseLibrary.Caching.5.0.505.0\lib\NET35
	EndGlobalSection
EndGlobal
